{
  "version": 4,
  "terraform_version": "1.8.5",
  "serial": 139,
  "lineage": "83294c38-82f8-7e03-3f7c-ab7e05709bb4",
  "outputs": {},
  "resources": [
    {
      "mode": "managed",
      "type": "aws_acm_certificate",
      "name": "my_certificate_request",
      "provider": "provider[\"registry.terraform.io/hashicorp/aws\"]",
      "instances": [
        {
          "schema_version": 0,
          "attributes": {
            "arn": "arn:aws:acm:eu-west-1:992382451794:certificate/a4d53d1f-c47e-4202-a63a-beb64a6ccd5a",
            "certificate_authority_arn": "",
            "certificate_body": null,
            "certificate_chain": null,
            "domain_name": "hameedresume.com",
            "domain_validation_options": [
              {
                "domain_name": "*.hameedresume.com",
                "resource_record_name": "_c80def8184fb2e7c7991282f8ca3fcb3.hameedresume.com.",
                "resource_record_type": "CNAME",
                "resource_record_value": "_4bb9d0dc58b589ebd7375480b34caafd.sdgjtdhdhz.acm-validations.aws."
              },
              {
                "domain_name": "hameedresume.com",
                "resource_record_name": "_c80def8184fb2e7c7991282f8ca3fcb3.hameedresume.com.",
                "resource_record_type": "CNAME",
                "resource_record_value": "_4bb9d0dc58b589ebd7375480b34caafd.sdgjtdhdhz.acm-validations.aws."
              }
            ],
            "early_renewal_duration": "",
            "id": "arn:aws:acm:eu-west-1:992382451794:certificate/a4d53d1f-c47e-4202-a63a-beb64a6ccd5a",
            "key_algorithm": "RSA_2048",
            "not_after": "",
            "not_before": "",
            "options": [
              {
                "certificate_transparency_logging_preference": "ENABLED"
              }
            ],
            "pending_renewal": false,
            "private_key": null,
            "renewal_eligibility": "INELIGIBLE",
            "renewal_summary": [],
            "status": "PENDING_VALIDATION",
            "subject_alternative_names": [
              "*.hameedresume.com",
              "hameedresume.com"
            ],
            "tags": {
              "Name": "hameedresume.com"
            },
            "tags_all": {
              "Name": "hameedresume.com"
            },
            "type": "AMAZON_ISSUED",
            "validation_emails": [],
            "validation_method": "DNS",
            "validation_option": []
          },
          "sensitive_attributes": [
            [
              {
                "type": "get_attr",
                "value": "private_key"
              }
            ]
          ],
          "private": "bnVsbA==",
          "create_before_destroy": true
        }
      ]
    },
    {
      "mode": "managed",
      "type": "aws_route53_record",
      "name": "acm_certificate_validation",
      "provider": "provider[\"registry.terraform.io/hashicorp/aws\"]",
      "instances": [
        {
          "status": "tainted",
          "schema_version": 2,
          "attributes": {
            "alias": [],
            "allow_overwrite": true,
            "cidr_routing_policy": [],
            "failover_routing_policy": [],
            "fqdn": null,
            "geolocation_routing_policy": [],
            "geoproximity_routing_policy": [],
            "health_check_id": null,
            "id": "Z0251144F22GCNQBI0SL__c80def8184fb2e7c7991282f8ca3fcb3.hameedresume.com._CNAME",
            "latency_routing_policy": [],
            "multivalue_answer_routing_policy": null,
            "name": "_c80def8184fb2e7c7991282f8ca3fcb3.hameedresume.com",
            "records": [
              "_4bb9d0dc58b589ebd7375480b34caafd.sdgjtdhdhz.acm-validations.aws."
            ],
            "set_identifier": null,
            "ttl": 60,
            "type": "CNAME",
            "weighted_routing_policy": [],
            "zone_id": "Z0251144F22GCNQBI0SL"
          },
          "sensitive_attributes": [],
          "private": "eyJzY2hlbWFfdmVyc2lvbiI6IjIifQ==",
          "dependencies": [
            "aws_route53_zone.my_hosted_zone"
          ]
        }
      ]
    },
    {
      "mode": "managed",
      "type": "aws_route53_zone",
      "name": "my_hosted_zone",
      "provider": "provider[\"registry.terraform.io/hashicorp/aws\"]",
      "instances": [
        {
          "schema_version": 0,
          "attributes": {
            "arn": "arn:aws:route53:::hostedzone/Z0251144F22GCNQBI0SL",
            "comment": "Managed by Terraform",
            "delegation_set_id": "",
            "force_destroy": false,
            "id": "Z0251144F22GCNQBI0SL",
            "name": "hameedresume.com",
            "name_servers": [
              "ns-1059.awsdns-04.org",
              "ns-1843.awsdns-38.co.uk",
              "ns-498.awsdns-62.com",
              "ns-839.awsdns-40.net"
            ],
            "primary_name_server": "ns-498.awsdns-62.com",
            "tags": {},
            "tags_all": {},
            "vpc": [],
            "zone_id": "Z0251144F22GCNQBI0SL"
          },
          "sensitive_attributes": [],
          "private": "bnVsbA=="
        }
      ]
    }
  ],
  "check_results": null
}
