{
  "version": 4,
  "terraform_version": "1.8.5",
  "serial": 234,
  "lineage": "83294c38-82f8-7e03-3f7c-ab7e05709bb4",
  "outputs": {},
  "resources": [
    {
      "mode": "managed",
      "type": "aws_route53_zone",
      "name": "seehmat_zone",
      "provider": "provider[\"registry.terraform.io/hashicorp/aws\"]",
      "instances": [
        {
          "schema_version": 0,
          "attributes": {
            "arn": "arn:aws:route53:::hostedzone/Z07220353IK3RJW6WSF5Q",
            "comment": "Managed by Terraform",
            "delegation_set_id": "",
            "force_destroy": false,
            "id": "Z07220353IK3RJW6WSF5Q",
            "name": "seehmat.com",
            "name_servers": [
              "ns-1198.awsdns-21.org",
              "ns-140.awsdns-17.com",
              "ns-1814.awsdns-34.co.uk",
              "ns-521.awsdns-01.net"
            ],
            "primary_name_server": "ns-521.awsdns-01.net",
            "tags": {},
            "tags_all": {},
            "vpc": [],
            "zone_id": "Z07220353IK3RJW6WSF5Q"
          },
          "sensitive_attributes": [],
          "private": "bnVsbA=="
        }
      ]
    },
    {
      "mode": "managed",
      "type": "aws_s3_bucket",
      "name": "bucket2",
      "provider": "provider[\"registry.terraform.io/hashicorp/aws\"]",
      "instances": [
        {
          "schema_version": 0,
          "attributes": {
            "acceleration_status": "",
            "acl": null,
            "arn": "arn:aws:s3:::seehmatbuck",
            "bucket": "seehmatbuck",
            "bucket_domain_name": "seehmatbuck.s3.amazonaws.com",
            "bucket_prefix": "",
            "bucket_regional_domain_name": "seehmatbuck.s3.eu-west-1.amazonaws.com",
            "cors_rule": [],
            "force_destroy": false,
            "grant": [
              {
                "id": "c8efa7640fbf3b0c0487068806a04bfbe21d67e0b2adff85f0f78585c4cc136e",
                "permissions": [
                  "FULL_CONTROL"
                ],
                "type": "CanonicalUser",
                "uri": ""
              }
            ],
            "hosted_zone_id": "Z1BKCTXD74EZPE",
            "id": "seehmatbuck",
            "lifecycle_rule": [],
            "logging": [],
            "object_lock_configuration": [],
            "object_lock_enabled": false,
            "policy": "",
            "region": "eu-west-1",
            "replication_configuration": [],
            "request_payer": "BucketOwner",
            "server_side_encryption_configuration": [
              {
                "rule": [
                  {
                    "apply_server_side_encryption_by_default": [
                      {
                        "kms_master_key_id": "",
                        "sse_algorithm": "AES256"
                      }
                    ],
                    "bucket_key_enabled": false
                  }
                ]
              }
            ],
            "tags": {},
            "tags_all": {},
            "timeouts": null,
            "versioning": [
              {
                "enabled": false,
                "mfa_delete": false
              }
            ],
            "website": [
              {
                "error_document": "",
                "index_document": "index.html",
                "redirect_all_requests_to": "",
                "routing_rules": ""
              }
            ],
            "website_domain": "s3-website-eu-west-1.amazonaws.com",
            "website_endpoint": "seehmatbuck.s3-website-eu-west-1.amazonaws.com"
          },
          "sensitive_attributes": [],
          "private": "eyJlMmJmYjczMC1lY2FhLTExZTYtOGY4OC0zNDM2M2JjN2M0YzAiOnsiY3JlYXRlIjoxMjAwMDAwMDAwMDAwLCJkZWxldGUiOjM2MDAwMDAwMDAwMDAsInJlYWQiOjEyMDAwMDAwMDAwMDAsInVwZGF0ZSI6MTIwMDAwMDAwMDAwMH19"
        }
      ]
    }
  ],
  "check_results": null
}
